
Microsoft Visual Studio Solution File, Format Version 12.00
# Visual Studio Version 17
VisualStudioVersion = 17.4.33213.308
MinimumVisualStudioVersion = 10.0.40219.1
Project("{9A19103F-16F7-4668-BE54-9A1E7A4F7556}") = "Autobarn.Website", "Autobarn.Website\Autobarn.Website.csproj", "{BA806410-F779-461A-B4F1-D97D7289FB5B}"
EndProject
Project("{9A19103F-16F7-4668-BE54-9A1E7A4F7556}") = "Autobarn.Data", "Autobarn.Data\Autobarn.Data.csproj", "{8B6C8131-EBC3-4DE2-8CE6-707484BA1BAE}"
EndProject
Project("{9A19103F-16F7-4668-BE54-9A1E7A4F7556}") = "Autobarn.Website.Tests", "Autobarn.Website.Tests\Autobarn.Website.Tests.csproj", "{39C4F7B7-43D1-493F-97EE-E7C57D6C7F07}"
EndProject
Project("{9A19103F-16F7-4668-BE54-9A1E7A4F7556}") = "Autobarn.Auditlog", "Autobarn.Auditlog\Autobarn.Auditlog.csproj", "{48750AC2-E9FF-4D64-8988-231A19F4764A}"
EndProject
Project("{9A19103F-16F7-4668-BE54-9A1E7A4F7556}") = "Autobarn.Messages", "Autobarn.Messages\Autobarn.Messages.csproj", "{B63D09BE-6969-4957-8011-34F67A1998F4}"
EndProject
Project("{9A19103F-16F7-4668-BE54-9A1E7A4F7556}") = "Autobarn.PricingClient", "Autobarn.PricingClient\Autobarn.PricingClient.csproj", "{35DED2E4-B733-4773-BE3E-01C0E70BF741}"
EndProject
Project("{9A19103F-16F7-4668-BE54-9A1E7A4F7556}") = "Autobarn.PricingServer", "Autobarn.PricingServer\Autobarn.PricingServer.csproj", "{D974D9A6-274D-488B-83D8-16AE91B395F2}"
EndProject
Project("{9A19103F-16F7-4668-BE54-9A1E7A4F7556}") = "Autobarn.Notifier", "Autobarn.Notifier\Autobarn.Notifier.csproj", "{377F94BD-F4B7-47C0-9A92-015624D85AE0}"
EndProject
Global
	GlobalSection(SolutionConfigurationPlatforms) = preSolution
		Debug|Any CPU = Debug|Any CPU
		Debug|x64 = Debug|x64
		Debug|x86 = Debug|x86
		Release|Any CPU = Release|Any CPU
		Release|x64 = Release|x64
		Release|x86 = Release|x86
	EndGlobalSection
	GlobalSection(ProjectConfigurationPlatforms) = postSolution
		{BA806410-F779-461A-B4F1-D97D7289FB5B}.Debug|Any CPU.ActiveCfg = Debug|Any CPU
		{BA806410-F779-461A-B4F1-D97D7289FB5B}.Debug|Any CPU.Build.0 = Debug|Any CPU
		{BA806410-F779-461A-B4F1-D97D7289FB5B}.Debug|x64.ActiveCfg = Debug|Any CPU
		{BA806410-F779-461A-B4F1-D97D7289FB5B}.Debug|x64.Build.0 = Debug|Any CPU
		{BA806410-F779-461A-B4F1-D97D7289FB5B}.Debug|x86.ActiveCfg = Debug|Any CPU
		{BA806410-F779-461A-B4F1-D97D7289FB5B}.Debug|x86.Build.0 = Debug|Any CPU
		{BA806410-F779-461A-B4F1-D97D7289FB5B}.Release|Any CPU.ActiveCfg = Release|Any CPU
		{BA806410-F779-461A-B4F1-D97D7289FB5B}.Release|Any CPU.Build.0 = Release|Any CPU
		{BA806410-F779-461A-B4F1-D97D7289FB5B}.Release|x64.ActiveCfg = Release|Any CPU
		{BA806410-F779-461A-B4F1-D97D7289FB5B}.Release|x64.Build.0 = Release|Any CPU
		{BA806410-F779-461A-B4F1-D97D7289FB5B}.Release|x86.ActiveCfg = Release|Any CPU
		{BA806410-F779-461A-B4F1-D97D7289FB5B}.Release|x86.Build.0 = Release|Any CPU
		{8B6C8131-EBC3-4DE2-8CE6-707484BA1BAE}.Debug|Any CPU.ActiveCfg = Debug|Any CPU
		{8B6C8131-EBC3-4DE2-8CE6-707484BA1BAE}.Debug|Any CPU.Build.0 = Debug|Any CPU
		{8B6C8131-EBC3-4DE2-8CE6-707484BA1BAE}.Debug|x64.ActiveCfg = Debug|Any CPU
		{8B6C8131-EBC3-4DE2-8CE6-707484BA1BAE}.Debug|x64.Build.0 = Debug|Any CPU
		{8B6C8131-EBC3-4DE2-8CE6-707484BA1BAE}.Debug|x86.ActiveCfg = Debug|Any CPU
		{8B6C8131-EBC3-4DE2-8CE6-707484BA1BAE}.Debug|x86.Build.0 = Debug|Any CPU
		{8B6C8131-EBC3-4DE2-8CE6-707484BA1BAE}.Release|Any CPU.ActiveCfg = Release|Any CPU
		{8B6C8131-EBC3-4DE2-8CE6-707484BA1BAE}.Release|Any CPU.Build.0 = Release|Any CPU
		{8B6C8131-EBC3-4DE2-8CE6-707484BA1BAE}.Release|x64.ActiveCfg = Release|Any CPU
		{8B6C8131-EBC3-4DE2-8CE6-707484BA1BAE}.Release|x64.Build.0 = Release|Any CPU
		{8B6C8131-EBC3-4DE2-8CE6-707484BA1BAE}.Release|x86.ActiveCfg = Release|Any CPU
		{8B6C8131-EBC3-4DE2-8CE6-707484BA1BAE}.Release|x86.Build.0 = Release|Any CPU
		{39C4F7B7-43D1-493F-97EE-E7C57D6C7F07}.Debug|Any CPU.ActiveCfg = Debug|Any CPU
		{39C4F7B7-43D1-493F-97EE-E7C57D6C7F07}.Debug|Any CPU.Build.0 = Debug|Any CPU
		{39C4F7B7-43D1-493F-97EE-E7C57D6C7F07}.Debug|x64.ActiveCfg = Debug|Any CPU
		{39C4F7B7-43D1-493F-97EE-E7C57D6C7F07}.Debug|x64.Build.0 = Debug|Any CPU
		{39C4F7B7-43D1-493F-97EE-E7C57D6C7F07}.Debug|x86.ActiveCfg = Debug|Any CPU
		{39C4F7B7-43D1-493F-97EE-E7C57D6C7F07}.Debug|x86.Build.0 = Debug|Any CPU
		{39C4F7B7-43D1-493F-97EE-E7C57D6C7F07}.Release|Any CPU.ActiveCfg = Release|Any CPU
		{39C4F7B7-43D1-493F-97EE-E7C57D6C7F07}.Release|Any CPU.Build.0 = Release|Any CPU
		{39C4F7B7-43D1-493F-97EE-E7C57D6C7F07}.Release|x64.ActiveCfg = Release|Any CPU
		{39C4F7B7-43D1-493F-97EE-E7C57D6C7F07}.Release|x64.Build.0 = Release|Any CPU
		{39C4F7B7-43D1-493F-97EE-E7C57D6C7F07}.Release|x86.ActiveCfg = Release|Any CPU
		{39C4F7B7-43D1-493F-97EE-E7C57D6C7F07}.Release|x86.Build.0 = Release|Any CPU
		{48750AC2-E9FF-4D64-8988-231A19F4764A}.Debug|Any CPU.ActiveCfg = Debug|Any CPU
		{48750AC2-E9FF-4D64-8988-231A19F4764A}.Debug|Any CPU.Build.0 = Debug|Any CPU
		{48750AC2-E9FF-4D64-8988-231A19F4764A}.Debug|x64.ActiveCfg = Debug|Any CPU
		{48750AC2-E9FF-4D64-8988-231A19F4764A}.Debug|x64.Build.0 = Debug|Any CPU
		{48750AC2-E9FF-4D64-8988-231A19F4764A}.Debug|x86.ActiveCfg = Debug|Any CPU
		{48750AC2-E9FF-4D64-8988-231A19F4764A}.Debug|x86.Build.0 = Debug|Any CPU
		{48750AC2-E9FF-4D64-8988-231A19F4764A}.Release|Any CPU.ActiveCfg = Release|Any CPU
		{48750AC2-E9FF-4D64-8988-231A19F4764A}.Release|Any CPU.Build.0 = Release|Any CPU
		{48750AC2-E9FF-4D64-8988-231A19F4764A}.Release|x64.ActiveCfg = Release|Any CPU
		{48750AC2-E9FF-4D64-8988-231A19F4764A}.Release|x64.Build.0 = Release|Any CPU
		{48750AC2-E9FF-4D64-8988-231A19F4764A}.Release|x86.ActiveCfg = Release|Any CPU
		{48750AC2-E9FF-4D64-8988-231A19F4764A}.Release|x86.Build.0 = Release|Any CPU
		{B63D09BE-6969-4957-8011-34F67A1998F4}.Debug|Any CPU.ActiveCfg = Debug|Any CPU
		{B63D09BE-6969-4957-8011-34F67A1998F4}.Debug|Any CPU.Build.0 = Debug|Any CPU
		{B63D09BE-6969-4957-8011-34F67A1998F4}.Debug|x64.ActiveCfg = Debug|Any CPU
		{B63D09BE-6969-4957-8011-34F67A1998F4}.Debug|x64.Build.0 = Debug|Any CPU
		{B63D09BE-6969-4957-8011-34F67A1998F4}.Debug|x86.ActiveCfg = Debug|Any CPU
		{B63D09BE-6969-4957-8011-34F67A1998F4}.Debug|x86.Build.0 = Debug|Any CPU
		{B63D09BE-6969-4957-8011-34F67A1998F4}.Release|Any CPU.ActiveCfg = Release|Any CPU
		{B63D09BE-6969-4957-8011-34F67A1998F4}.Release|Any CPU.Build.0 = Release|Any CPU
		{B63D09BE-6969-4957-8011-34F67A1998F4}.Release|x64.ActiveCfg = Release|Any CPU
		{B63D09BE-6969-4957-8011-34F67A1998F4}.Release|x64.Build.0 = Release|Any CPU
		{B63D09BE-6969-4957-8011-34F67A1998F4}.Release|x86.ActiveCfg = Release|Any CPU
		{B63D09BE-6969-4957-8011-34F67A1998F4}.Release|x86.Build.0 = Release|Any CPU
		{35DED2E4-B733-4773-BE3E-01C0E70BF741}.Debug|Any CPU.ActiveCfg = Debug|Any CPU
		{35DED2E4-B733-4773-BE3E-01C0E70BF741}.Debug|Any CPU.Build.0 = Debug|Any CPU
		{35DED2E4-B733-4773-BE3E-01C0E70BF741}.Debug|x64.ActiveCfg = Debug|Any CPU
		{35DED2E4-B733-4773-BE3E-01C0E70BF741}.Debug|x64.Build.0 = Debug|Any CPU
		{35DED2E4-B733-4773-BE3E-01C0E70BF741}.Debug|x86.ActiveCfg = Debug|Any CPU
		{35DED2E4-B733-4773-BE3E-01C0E70BF741}.Debug|x86.Build.0 = Debug|Any CPU
		{35DED2E4-B733-4773-BE3E-01C0E70BF741}.Release|Any CPU.ActiveCfg = Release|Any CPU
		{35DED2E4-B733-4773-BE3E-01C0E70BF741}.Release|Any CPU.Build.0 = Release|Any CPU
		{35DED2E4-B733-4773-BE3E-01C0E70BF741}.Release|x64.ActiveCfg = Release|Any CPU
		{35DED2E4-B733-4773-BE3E-01C0E70BF741}.Release|x64.Build.0 = Release|Any CPU
		{35DED2E4-B733-4773-BE3E-01C0E70BF741}.Release|x86.ActiveCfg = Release|Any CPU
		{35DED2E4-B733-4773-BE3E-01C0E70BF741}.Release|x86.Build.0 = Release|Any CPU
		{D974D9A6-274D-488B-83D8-16AE91B395F2}.Debug|Any CPU.ActiveCfg = Debug|Any CPU
		{D974D9A6-274D-488B-83D8-16AE91B395F2}.Debug|Any CPU.Build.0 = Debug|Any CPU
		{D974D9A6-274D-488B-83D8-16AE91B395F2}.Debug|x64.ActiveCfg = Debug|Any CPU
		{D974D9A6-274D-488B-83D8-16AE91B395F2}.Debug|x64.Build.0 = Debug|Any CPU
		{D974D9A6-274D-488B-83D8-16AE91B395F2}.Debug|x86.ActiveCfg = Debug|Any CPU
		{D974D9A6-274D-488B-83D8-16AE91B395F2}.Debug|x86.Build.0 = Debug|Any CPU
		{D974D9A6-274D-488B-83D8-16AE91B395F2}.Release|Any CPU.ActiveCfg = Release|Any CPU
		{D974D9A6-274D-488B-83D8-16AE91B395F2}.Release|Any CPU.Build.0 = Release|Any CPU
		{D974D9A6-274D-488B-83D8-16AE91B395F2}.Release|x64.ActiveCfg = Release|Any CPU
		{D974D9A6-274D-488B-83D8-16AE91B395F2}.Release|x64.Build.0 = Release|Any CPU
		{D974D9A6-274D-488B-83D8-16AE91B395F2}.Release|x86.ActiveCfg = Release|Any CPU
		{D974D9A6-274D-488B-83D8-16AE91B395F2}.Release|x86.Build.0 = Release|Any CPU
		{377F94BD-F4B7-47C0-9A92-015624D85AE0}.Debug|Any CPU.ActiveCfg = Debug|Any CPU
		{377F94BD-F4B7-47C0-9A92-015624D85AE0}.Debug|Any CPU.Build.0 = Debug|Any CPU
		{377F94BD-F4B7-47C0-9A92-015624D85AE0}.Debug|x64.ActiveCfg = Debug|Any CPU
		{377F94BD-F4B7-47C0-9A92-015624D85AE0}.Debug|x64.Build.0 = Debug|Any CPU
		{377F94BD-F4B7-47C0-9A92-015624D85AE0}.Debug|x86.ActiveCfg = Debug|Any CPU
		{377F94BD-F4B7-47C0-9A92-015624D85AE0}.Debug|x86.Build.0 = Debug|Any CPU
		{377F94BD-F4B7-47C0-9A92-015624D85AE0}.Release|Any CPU.ActiveCfg = Release|Any CPU
		{377F94BD-F4B7-47C0-9A92-015624D85AE0}.Release|Any CPU.Build.0 = Release|Any CPU
		{377F94BD-F4B7-47C0-9A92-015624D85AE0}.Release|x64.ActiveCfg = Release|Any CPU
		{377F94BD-F4B7-47C0-9A92-015624D85AE0}.Release|x64.Build.0 = Release|Any CPU
		{377F94BD-F4B7-47C0-9A92-015624D85AE0}.Release|x86.ActiveCfg = Release|Any CPU
		{377F94BD-F4B7-47C0-9A92-015624D85AE0}.Release|x86.Build.0 = Release|Any CPU
	EndGlobalSection
	GlobalSection(SolutionProperties) = preSolution
		HideSolutionNode = FALSE
	EndGlobalSection
	GlobalSection(ExtensibilityGlobals) = postSolution
		SolutionGuid = {814780BF-5A46-426C-B53C-35F53BBBD9D3}
	EndGlobalSection
EndGlobal
